// !$*UTF8*$!
{
	archiveVersion = 1;
	classes = {
	};
	objectVersion = 50;
	objects = {

/* Begin PBXBuildFile section */
		9F4D65E522E6364B00EE8A9F /* CollectionViewController.swift in Sources */ = {isa = PBXBuildFile; fileRef = 9F4D65E422E6364B00EE8A9F /* CollectionViewController.swift */; };
		9F4D65E922E63FC500EE8A9F /* PhotoCollectionViewCell.swift in Sources */ = {isa = PBXBuildFile; fileRef = 9F4D65E822E63FC500EE8A9F /* PhotoCollectionViewCell.swift */; };
		A319AA4F22E6330200D41630 /* AppDelegate.swift in Sources */ = {isa = PBXBuildFile; fileRef = A319AA4E22E6330200D41630 /* AppDelegate.swift */; };
		A319AA5422E6330200D41630 /* Main.storyboard in Resources */ = {isa = PBXBuildFile; fileRef = A319AA5222E6330200D41630 /* Main.storyboard */; };
		A319AA5622E6330400D41630 /* Assets.xcassets in Resources */ = {isa = PBXBuildFile; fileRef = A319AA5522E6330400D41630 /* Assets.xcassets */; };
		A319AA5922E6330400D41630 /* LaunchScreen.storyboard in Resources */ = {isa = PBXBuildFile; fileRef = A319AA5722E6330400D41630 /* LaunchScreen.storyboard */; };
		A319AA6122E634E000D41630 /* Datasource.swift in Sources */ = {isa = PBXBuildFile; fileRef = A319AA6022E634E000D41630 /* Datasource.swift */; };
/* End PBXBuildFile section */

/* Begin PBXFileReference section */
		9F4D65E422E6364B00EE8A9F /* CollectionViewController.swift */ = {isa = PBXFileReference; lastKnownFileType = sourcecode.swift; path = CollectionViewController.swift; sourceTree = "<group>"; };
		9F4D65E822E63FC500EE8A9F /* PhotoCollectionViewCell.swift */ = {isa = PBXFileReference; lastKnownFileType = sourcecode.swift; path = PhotoCollectionViewCell.swift; sourceTree = "<group>"; };
		A319AA4B22E6330200D41630 /* Photodownloads.app */ = {isa = PBXFileReference; explicitFileType = wrapper.application; includeInIndex = 0; path = Photodownloads.app; sourceTree = BUILT_PRODUCTS_DIR; };
		A319AA4E22E6330200D41630 /* AppDelegate.swift */ = {isa = PBXFileReference; lastKnownFileType = sourcecode.swift; path = AppDelegate.swift; sourceTree = "<group>"; };
		A319AA5322E6330200D41630 /* Base */ = {isa = PBXFileReference; lastKnownFileType = file.storyboard; name = Base; path = Base.lproj/Main.storyboard; sourceTree = "<group>"; };
		A319AA5522E6330400D41630 /* Assets.xcassets */ = {isa = PBXFileReference; lastKnownFileType = folder.assetcatalog; path = Assets.xcassets; sourceTree = "<group>"; };
		A319AA5822E6330400D41630 /* Base */ = {isa = PBXFileReference; lastKnownFileType = file.storyboard; name = Base; path = Base.lproj/LaunchScreen.storyboard; sourceTree = "<group>"; };
		A319AA5A22E6330400D41630 /* Info.plist */ = {isa = PBXFileReference; lastKnownFileType = text.plist.xml; path = Info.plist; sourceTree = "<group>"; };
		A319AA6022E634E000D41630 /* Datasource.swift */ = {isa = PBXFileReference; lastKnownFileType = sourcecode.swift; path = Datasource.swift; sourceTree = "<group>"; };
/* End PBXFileReference section */

/* Begin PBXFrameworksBuildPhase section */
		A319AA4822E6330200D41630 /* Frameworks */ = {
			isa = PBXFrameworksBuildPhase;
			buildActionMask = 2147483647;
			files = (
			);
			runOnlyForDeploymentPostprocessing = 0;
		};
/* End PBXFrameworksBuildPhase section */

/* Begin PBXGroup section */
		A319AA4222E6330200D41630 = {
			isa = PBXGroup;
			children = (
				A319AA4D22E6330200D41630 /* Photodownloads */,
				A319AA4C22E6330200D41630 /* Products */,
			);
			sourceTree = "<group>";
		};
		A319AA4C22E6330200D41630 /* Products */ = {
			isa = PBXGroup;
			children = (
				A319AA4B22E6330200D41630 /* Photodownloads.app */,
			);
			name = Products;
			sourceTree = "<group>";
		};
		A319AA4D22E6330200D41630 /* Photodownloads */ = {
			isa = PBXGroup;
			children = (
				A319AA4E22E6330200D41630 /* AppDelegate.swift */,
				A319AA5222E6330200D41630 /* Main.storyboard */,
				A319AA5522E6330400D41630 /* Assets.xcassets */,
				A319AA5722E6330400D41630 /* LaunchScreen.storyboard */,
				A319AA5A22E6330400D41630 /* Info.plist */,
				9F4D65E422E6364B00EE8A9F /* CollectionViewController.swift */,
				9F4D65E822E63FC500EE8A9F /* PhotoCollectionViewCell.swift */,
				A319AA6022E634E000D41630 /* Datasource.swift */,
			);
			path = Photodownloads;
			sourceTree = "<group>";
		};
/* End PBXGroup section */

/* Begin PBXNativeTarget section */
		A319AA4A22E6330200D41630 /* Photodownloads */ = {
			isa = PBXNativeTarget;
			buildConfigurationList = A319AA5D22E6330400D41630 /* Build configuration list for PBXNativeTarget "Photodownloads" */;
			buildPhases = (
				A319AA4722E6330200D41630 /* Sources */,
				A319AA4822E6330200D41630 /* Frameworks */,
				A319AA4922E6330200D41630 /* Resources */,
			);
			buildRules = (
			);
			dependencies = (
			);
			name = Photodownloads;
			productName = Photodownloads;
			productReference = A319AA4B22E6330200D41630 /* Photodownloads.app */;
			productType = "com.apple.product-type.application";
		};
/* End PBXNativeTarget section */

/* Begin PBXProject section */
		A319AA4322E6330200D41630 /* Project object */ = {
			isa = PBXProject;
			attributes = {
				LastSwiftUpdateCheck = 1020;
				LastUpgradeCheck = 1020;
				ORGANIZATIONNAME = "Matt Sanford";
				TargetAttributes = {
					A319AA4A22E6330200D41630 = {
						CreatedOnToolsVersion = 10.2;
					};
				};
			};
			buildConfigurationList = A319AA4622E6330200D41630 /* Build configuration list for PBXProject "Photodownloads" */;
			compatibilityVersion = "Xcode 9.3";
			developmentRegion = en;
			hasScannedForEncodings = 0;
			knownRegions = (
				en,
				Base,
			);
			mainGroup = A319AA4222E6330200D41630;
			productRefGroup = A319AA4C22E6330200D41630 /* Products */;
			projectDirPath = "";
			projectRoot = "";
			targets = (
				A319AA4A22E6330200D41630 /* Photodownloads */,
			);
		};
/* End PBXProject section */

/* Begin PBXResourcesBuildPhase section */
		A319AA4922E6330200D41630 /* Resources */ = {
			isa = PBXResourcesBuildPhase;
			buildActionMask = 2147483647;
			files = (
				A319AA5922E6330400D41630 /* LaunchScreen.storyboard in Resources */,
				A319AA5622E6330400D41630 /* Assets.xcassets in Resources */,
				A319AA5422E6330200D41630 /* Main.storyboard in Resources */,
			);
			runOnlyForDeploymentPostprocessing = 0;
		};
/* End PBXResourcesBuildPhase section */

/* Begin PBXSourcesBuildPhase section */
		A319AA4722E6330200D41630 /* Sources */ = {
			isa = PBXSourcesBuildPhase;
			buildActionMask = 2147483647;
			files = (
				9F4D65E522E6364B00EE8A9F /* CollectionViewController.swift in Sources */,
				9F4D65E922E63FC500EE8A9F /* PhotoCollectionViewCell.swift in Sources */,
				A319AA6122E634E000D41630 /* Datasource.swift in Sources */,
				A319AA5122E6330200D41630 /* ViewController.swift in Sources */,
				A319AA4F22E6330200D41630 /* AppDelegate.swift in Sources */,
			);
			runOnlyForDeploymentPostprocessing = 0;
		};
/* End PBXSourcesBuildPhase section */

/* Begin PBXVariantGroup section */
		A319AA5222E6330200D41630 /* Main.storyboard */ = {
			isa = PBXVariantGroup;
			children = (
				A319AA5322E6330200D41630 /* Base */,
			);
			name = Main.storyboard;
			sourceTree = "<group>";
		};
		A319AA5722E6330400D41630 /* LaunchScreen.storyboard */ = {
			isa = PBXVariantGroup;
			children = (
				A319AA5822E6330400D41630 /* Base */,
			);
			name = LaunchScreen.storyboard;
			sourceTree = "<group>";
		};
/* End PBXVariantGroup section */

/* Begin XCBuildConfiguration section */
		A319AA5B22E6330400D41630 /* Debug */ = {
			isa = XCBuildConfiguration;
			buildSettings = {
				ALWAYS_SEARCH_USER_PATHS = NO;
				CLANG_ANALYZER_NONNULL = YES;
				CLANG_ANALYZER_NUMBER_OBJECT_CONVERSION = YES_AGGRESSIVE;
				CLANG_CXX_LANGUAGE_STANDARD = "gnu++14";
				CLANG_CXX_LIBRARY = "libc++";
				CLANG_ENABLE_MODULES = YES;
				CLANG_ENABLE_OBJC_ARC = YES;
				CLANG_ENABLE_OBJC_WEAK = YES;
				CLANG_WARN_BLOCK_CAPTURE_AUTORELEASING = YES;
				CLANG_WARN_BOOL_CONVERSION = YES;
				CLANG_WARN_COMMA = YES;
				CLANG_WARN_CONSTANT_CONVERSION = YES;
				CLANG_WARN_DEPRECATED_OBJC_IMPLEMENTATIONS = YES;
				CLANG_WARN_DIRECT_OBJC_ISA_USAGE = YES_ERROR;
				CLANG_WARN_DOCUMENTATION_COMMENTS = YES;
				CLANG_WARN_EMPTY_BODY = YES;
				CLANG_WARN_ENUM_CONVERSION = YES;
				CLANG_WARN_INFINITE_RECURSION = YES;
				CLANG_WARN_INT_CONVERSION = YES;
				CLANG_WARN_NON_LITERAL_NULL_CONVERSION = YES;
				CLANG_WARN_OBJC_IMPLICIT_RETAIN_SELF = YES;
				CLANG_WARN_OBJC_LITERAL_CONVERSION = YES;
				CLANG_WARN_OBJC_ROOT_CLASS = YES_ERROR;
				CLANG_WARN_RANGE_LOOP_ANALYSIS = YES;
				CLANG_WARN_STRICT_PROTOTYPES = YES;
				CLANG_WARN_SUSPICIOUS_MOVE = YES;
				CLANG_WARN_UNGUARDED_AVAILABILITY = YES_AGGRESSIVE;
				CLANG_WARN_UNREACHABLE_CODE = YES;
				CLANG_WARN__DUPLICATE_METHOD_MATCH = YES;
				CODE_SIGN_IDENTITY = "iPhone Developer";
				COPY_PHASE_STRIP = NO;
				DEBUG_INFORMATION_FORMAT = dwarf;
				ENABLE_STRICT_OBJC_MSGSEND = YES;
				ENABLE_TESTABILITY = YES;
				GCC_C_LANGUAGE_STANDARD = gnu11;
				GCC_DYNAMIC_NO_PIC = NO;
				GCC_NO_COMMON_BLOCKS = YES;
				GCC_OPTIMIZATION_LEVEL = 0;
				GCC_PREPROCESSOR_DEFINITIONS = (
					"DEBUG=1",
					"$(inherited)",
				);
				GCC_WARN_64_TO_32_BIT_CONVERSION = YES;
				GCC_WARN_ABOUT_RETURN_TYPE = YES_ERROR;
				GCC_WARN_UNDECLARED_SELECTOR = YES;
				GCC_WARN_UNINITIALIZED_AUTOS = YES_AGGRESSIVE;
				GCC_WARN_UNUSED_FUNCTION = YES;
				GCC_WARN_UNUSED_VARIABLE = YES;
				IPHONEOS_DEPLOYMENT_TARGET = 12.2;
				MTL_ENABLE_DEBUG_INFO = INCLUDE_SOURCE;
				MTL_FAST_MATH = YES;
				ONLY_ACTIVE_ARCH = YES;
				SDKROOT = iphoneos;
				SWIFT_ACTIVE_COMPILATION_CONDITIONS = DEBUG;
				SWIFT_OPTIMIZATION_LEVEL = "-Onone";
			};
			name = Debug;
		};
		A319AA5C22E6330400D41630 /* Release */ = {
			isa = XCBuildConfiguration;
			buildSettings = {
				ALWAYS_SEARCH_USER_PATHS = NO;
				CLANG_ANALYZER_NONNULL = YES;
				CLANG_ANALYZER_NUMBER_OBJECT_CONVERSION = YES_AGGRESSIVE;
				CLANG_CXX_LANGUAGE_STANDARD = "gnu++14";
				CLANG_CXX_LIBRARY = "libc++";
				CLANG_ENABLE_MODULES = YES;
				CLANG_ENABLE_OBJC_ARC = YES;
				CLANG_ENABLE_OBJC_WEAK = YES;
				CLANG_WARN_BLOCK_CAPTURE_AUTORELEASING = YES;
				CLANG_WARN_BOOL_CONVERSION = YES;
				CLANG_WARN_COMMA = YES;
				CLANG_WARN_CONSTANT_CONVERSION = YES;
				CLANG_WARN_DEPRECATED_OBJC_IMPLEMENTATIONS = YES;
				CLANG_WARN_DIRECT_OBJC_ISA_USAGE = YES_ERROR;
				CLANG_WARN_DOCUMENTATION_COMMENTS = YES;
				CLANG_WARN_EMPTY_BODY = YES;
				CLANG_WARN_ENUM_CONVERSION = YES;
				CLANG_WARN_INFINITE_RECURSION = YES;
				CLANG_WARN_INT_CONVERSION = YES;
				CLANG_WARN_NON_LITERAL_NULL_CONVERSION = YES;
				CLANG_WARN_OBJC_IMPLICIT_RETAIN_SELF = YES;
				CLANG_WARN_OBJC_LITERAL_CONVERSION = YES;
				CLANG_WARN_OBJC_ROOT_CLASS = YES_ERROR;
				CLANG_WARN_RANGE_LOOP_ANALYSIS = YES;
				CLANG_WARN_STRICT_PROTOTYPES = YES;
				CLANG_WARN_SUSPICIOUS_MOVE = YES;
				CLANG_WARN_UNGUARDED_AVAILABILITY = YES_AGGRESSIVE;
				CLANG_WARN_UNREACHABLE_CODE = YES;
				CLANG_WARN__DUPLICATE_METHOD_MATCH = YES;
				CODE_SIGN_IDENTITY = "iPhone Developer";
				COPY_PHASE_STRIP = NO;
				DEBUG_INFORMATION_FORMAT = "dwarf-with-dsym";
				ENABLE_NS_ASSERTIONS = NO;
				ENABLE_STRICT_OBJC_MSGSEND = YES;
				GCC_C_LANGUAGE_STANDARD = gnu11;
				GCC_NO_COMMON_BLOCKS = YES;
				GCC_WARN_64_TO_32_BIT_CONVERSION = YES;
				GCC_WARN_ABOUT_RETURN_TYPE = YES_ERROR;
				GCC_WARN_UNDECLARED_SELECTOR = YES;
				GCC_WARN_UNINITIALIZED_AUTOS = YES_AGGRESSIVE;
				GCC_WARN_UNUSED_FUNCTION = YES;
				GCC_WARN_UNUSED_VARIABLE = YES;
				IPHONEOS_DEPLOYMENT_TARGET = 12.2;
				MTL_ENABLE_DEBUG_INFO = NO;
				MTL_FAST_MATH = YES;
				SDKROOT = iphoneos;
				SWIFT_COMPILATION_MODE = wholemodule;
				SWIFT_OPTIMIZATION_LEVEL = "-O";
				VALIDATE_PRODUCT = YES;
			};
			name = Release;
		};
		A319AA5E22E6330400D41630 /* Debug */ = {
			isa = XCBuildConfiguration;
			buildSettings = {
				ASSETCATALOG_COMPILER_APPICON_NAME = AppIcon;
				CODE_SIGN_STYLE = Automatic;
				DEVELOPMENT_TEAM = 37ZKT3U2Y3;
				INFOPLIST_FILE = Photodownloads/Info.plist;
				LD_RUNPATH_SEARCH_PATHS = (
					"$(inherited)",
					"@executable_path/Frameworks",
				);
				PRODUCT_BUNDLE_IDENTIFIER = com.app.Photodownloads;
				PRODUCT_NAME = "$(TARGET_NAME)";
				SWIFT_VERSION = 5.0;
				TARGETED_DEVICE_FAMILY = "1,2";
			};
			name = Debug;
		};
		A319AA5F22E6330400D41630 /* Release */ = {
			isa = XCBuildConfiguration;
			buildSettings = {
				ASSETCATALOG_COMPILER_APPICON_NAME = AppIcon;
				CODE_SIGN_STYLE = Automatic;
				DEVELOPMENT_TEAM = 37ZKT3U2Y3;
				INFOPLIST_FILE = Photodownloads/Info.plist;
				LD_RUNPATH_SEARCH_PATHS = (
					"$(inherited)",
					"@executable_path/Frameworks",
				);
				PRODUCT_BUNDLE_IDENTIFIER = com.app.Photodownloads;
				PRODUCT_NAME = "$(TARGET_NAME)";
				SWIFT_VERSION = 5.0;
				TARGETED_DEVICE_FAMILY = "1,2";
			};
			name = Release;
		};
/* End XCBuildConfiguration section */

/* Begin XCConfigurationList section */
		A319AA4622E6330200D41630 /* Build configuration list for PBXProject "Photodownloads" */ = {
			isa = XCConfigurationList;
			buildConfigurations = (
				A319AA5B22E6330400D41630 /* Debug */,
				A319AA5C22E6330400D41630 /* Release */,
			);
			defaultConfigurationIsVisible = 0;
			defaultConfigurationName = Release;
		};
		A319AA5D22E6330400D41630 /* Build configuration list for PBXNativeTarget "Photodownloads" */ = {
			isa = XCConfigurationList;
			buildConfigurations = (
				A319AA5E22E6330400D41630 /* Debug */,
				A319AA5F22E6330400D41630 /* Release */,
			);
			defaultConfigurationIsVisible = 0;
			defaultConfigurationName = Release;
		};
/* End XCConfigurationList section */
	};
	rootObject = A319AA4322E6330200D41630 /* Project object */;
}
